
Microsoft Visual Studio Solution File, Format Version 11.00
# Visual Studio 2010
Project("{FAE04EC0-301F-11D3-BF4B-00C04F79EFBC}") = "Assembly-CSharp", "Assembly-CSharp.csproj", "{dee89149-2ffc-3535-8fc3-bf8cfa1bfe13}"
EndProject
Project("{FAE04EC0-301F-11D3-BF4B-00C04F79EFBC}") = "Assembly-CSharp-Editor", "Assembly-CSharp-Editor.csproj", "{bde37c9b-99cd-3a1d-be9c-724d1a61c993}"
EndProject
Global
	GlobalSection(SolutionConfigurationPlatforms) = preSolution
		Debug|Any CPU = Debug|Any CPU
	EndGlobalSection
	GlobalSection(ProjectConfigurationPlatforms) = postSolution
		{dee89149-2ffc-3535-8fc3-bf8cfa1bfe13}.Debug|Any CPU.ActiveCfg = Debug|Any CPU
		{dee89149-2ffc-3535-8fc3-bf8cfa1bfe13}.Debug|Any CPU.Build.0 = Debug|Any CPU
		{bde37c9b-99cd-3a1d-be9c-724d1a61c993}.Debug|Any CPU.ActiveCfg = Debug|Any CPU
		{bde37c9b-99cd-3a1d-be9c-724d1a61c993}.Debug|Any CPU.Build.0 = Debug|Any CPU
	EndGlobalSection
	GlobalSection(SolutionProperties) = preSolution
		HideSolutionNode = FALSE
	EndGlobalSection
EndGlobal
